
Microsoft Visual Studio Solution File, Format Version 12.00
# Visual Studio Version 16
VisualStudioVersion = 16.0.30611.23
MinimumVisualStudioVersion = 10.0.40219.1
Project("{FAE04EC0-301F-11D3-BF4B-00C04F79EFBC}") = "LibraryTools", "LibraryTools.csproj", "{7DE9BDC9-4319-4EE2-A3B7-F67D14343CE6}"
EndProject
Global
	GlobalSection(SolutionConfigurationPlatforms) = preSolution
		Debug|Any CPU = Debug|Any CPU
		Release|Any CPU = Release|Any CPU
	EndGlobalSection
	GlobalSection(ProjectConfigurationPlatforms) = postSolution
		{7DE9BDC9-4319-4EE2-A3B7-F67D14343CE6}.Debug|Any CPU.ActiveCfg = Debug|Any CPU
		{7DE9BDC9-4319-4EE2-A3B7-F67D14343CE6}.Debug|Any CPU.Build.0 = Debug|Any CPU
		{7DE9BDC9-4319-4EE2-A3B7-F67D14343CE6}.Release|Any CPU.ActiveCfg = Release|Any CPU
		{7DE9BDC9-4319-4EE2-A3B7-F67D14343CE6}.Release|Any CPU.Build.0 = Release|Any CPU
	EndGlobalSection
	GlobalSection(SolutionProperties) = preSolution
		HideSolutionNode = FALSE
	EndGlobalSection
	GlobalSection(ExtensibilityGlobals) = postSolution
		SolutionGuid = {0890D5E1-01DA-49E1-A069-0F4422191BC1}
	EndGlobalSection
EndGlobal
